
Microsoft Visual Studio Solution File, Format Version 12.00
# Visual Studio Version 17
VisualStudioVersion = 17.13.35931.197
MinimumVisualStudioVersion = 10.0.40219.1
Project("{FAE04EC0-301F-11D3-BF4B-00C04F79EFBC}") = "HMS.Shared", "HMS.Shared\HMS.Shared.csproj", "{7EF3C783-9C62-4816-A95B-70FE3FE86FF8}"
EndProject
Project("{FAE04EC0-301F-11D3-BF4B-00C04F79EFBC}") = "HMS.Backend", "HMS.Backend\HMS.Backend.csproj", "{C7FB6333-80CA-4C80-9E4E-E52A9ADEC78E}"
	ProjectSection(ProjectDependencies) = postProject
		{7EF3C783-9C62-4816-A95B-70FE3FE86FF8} = {7EF3C783-9C62-4816-A95B-70FE3FE86FF8}
	EndProjectSection
EndProject
Project("{FAE04EC0-301F-11D3-BF4B-00C04F79EFBC}") = "HMS.DesktopClient", "HMS.DesktopClient\HMS.DesktopClient.csproj", "{1B8BC793-1C92-4D0D-A926-E5DAA34ED128}"
	ProjectSection(ProjectDependencies) = postProject
		{7EF3C783-9C62-4816-A95B-70FE3FE86FF8} = {7EF3C783-9C62-4816-A95B-70FE3FE86FF8}
		{C7FB6333-80CA-4C80-9E4E-E52A9ADEC78E} = {C7FB6333-80CA-4C80-9E4E-E52A9ADEC78E}
	EndProjectSection
EndProject
Project("{FAE04EC0-301F-11D3-BF4B-00C04F79EFBC}") = "HMS.WebClient", "HMS.WebClient\HMS.WebClient.csproj", "{F25D9D18-D6CA-4406-9892-FEE2D581B782}"
EndProject
Global
	GlobalSection(SolutionConfigurationPlatforms) = preSolution
		Debug|Any CPU = Debug|Any CPU
		HMS|Any CPU = HMS|Any CPU
		Release|Any CPU = Release|Any CPU
	EndGlobalSection
	GlobalSection(ProjectConfigurationPlatforms) = postSolution
		{7EF3C783-9C62-4816-A95B-70FE3FE86FF8}.Debug|Any CPU.ActiveCfg = Debug|Any CPU
		{7EF3C783-9C62-4816-A95B-70FE3FE86FF8}.Debug|Any CPU.Build.0 = Debug|Any CPU
		{7EF3C783-9C62-4816-A95B-70FE3FE86FF8}.HMS|Any CPU.ActiveCfg = HMS|Any CPU
		{7EF3C783-9C62-4816-A95B-70FE3FE86FF8}.Release|Any CPU.ActiveCfg = Release|Any CPU
		{7EF3C783-9C62-4816-A95B-70FE3FE86FF8}.Release|Any CPU.Build.0 = Release|Any CPU
		{C7FB6333-80CA-4C80-9E4E-E52A9ADEC78E}.Debug|Any CPU.ActiveCfg = Debug|Any CPU
		{C7FB6333-80CA-4C80-9E4E-E52A9ADEC78E}.Debug|Any CPU.Build.0 = Debug|Any CPU
		{C7FB6333-80CA-4C80-9E4E-E52A9ADEC78E}.HMS|Any CPU.ActiveCfg = HMS|Any CPU
		{C7FB6333-80CA-4C80-9E4E-E52A9ADEC78E}.HMS|Any CPU.Build.0 = HMS|Any CPU
		{C7FB6333-80CA-4C80-9E4E-E52A9ADEC78E}.Release|Any CPU.ActiveCfg = Release|Any CPU
		{C7FB6333-80CA-4C80-9E4E-E52A9ADEC78E}.Release|Any CPU.Build.0 = Release|Any CPU
		{1B8BC793-1C92-4D0D-A926-E5DAA34ED128}.Debug|Any CPU.ActiveCfg = Debug|x64
		{1B8BC793-1C92-4D0D-A926-E5DAA34ED128}.Debug|Any CPU.Build.0 = Debug|x64
		{1B8BC793-1C92-4D0D-A926-E5DAA34ED128}.Debug|Any CPU.Deploy.0 = Debug|x64
		{1B8BC793-1C92-4D0D-A926-E5DAA34ED128}.HMS|Any CPU.ActiveCfg = HMS|ARM64
		{1B8BC793-1C92-4D0D-A926-E5DAA34ED128}.HMS|Any CPU.Build.0 = HMS|ARM64
		{1B8BC793-1C92-4D0D-A926-E5DAA34ED128}.HMS|Any CPU.Deploy.0 = HMS|ARM64
		{1B8BC793-1C92-4D0D-A926-E5DAA34ED128}.Release|Any CPU.ActiveCfg = Release|x64
		{1B8BC793-1C92-4D0D-A926-E5DAA34ED128}.Release|Any CPU.Build.0 = Release|x64
		{1B8BC793-1C92-4D0D-A926-E5DAA34ED128}.Release|Any CPU.Deploy.0 = Release|x64
		{F25D9D18-D6CA-4406-9892-FEE2D581B782}.Debug|Any CPU.ActiveCfg = Debug|Any CPU
		{F25D9D18-D6CA-4406-9892-FEE2D581B782}.Debug|Any CPU.Build.0 = Debug|Any CPU
		{F25D9D18-D6CA-4406-9892-FEE2D581B782}.HMS|Any CPU.ActiveCfg = HMS|Any CPU
		{F25D9D18-D6CA-4406-9892-FEE2D581B782}.Release|Any CPU.ActiveCfg = Release|Any CPU
		{F25D9D18-D6CA-4406-9892-FEE2D581B782}.Release|Any CPU.Build.0 = Release|Any CPU
	EndGlobalSection
	GlobalSection(SolutionProperties) = preSolution
		HideSolutionNode = FALSE
	EndGlobalSection
	GlobalSection(ExtensibilityGlobals) = postSolution
		SolutionGuid = {31062A97-3EA4-4F93-8886-1B5FA20E6395}
	EndGlobalSection
EndGlobal
